
Microsoft Visual Studio Solution File, Format Version 12.00
# Visual Studio Version 17
VisualStudioVersion = 17.0.31903.59
MinimumVisualStudioVersion = 10.0.40219.1
Project("{FAE04EC0-301F-11D3-BF4B-00C04F79EFBC}") = "BuberBreakfast.Contracts", "BuberBreakfast.Contracts\BuberBreakfast.Contracts.csproj", "{1074C6AC-0417-4B57-B39A-FD01E80EA236}"
EndProject
Project("{FAE04EC0-301F-11D3-BF4B-00C04F79EFBC}") = "BuberBreakfast", "Buberbreakfast\BuberBreakfast.csproj", "{651E0030-20C7-432B-AEFE-FAA42CA6C396}"
EndProject
Global
	GlobalSection(SolutionConfigurationPlatforms) = preSolution
		Debug|Any CPU = Debug|Any CPU
		Release|Any CPU = Release|Any CPU
	EndGlobalSection
	GlobalSection(SolutionProperties) = preSolution
		HideSolutionNode = FALSE
	EndGlobalSection
	GlobalSection(ProjectConfigurationPlatforms) = postSolution
		{1074C6AC-0417-4B57-B39A-FD01E80EA236}.Debug|Any CPU.ActiveCfg = Debug|Any CPU
		{1074C6AC-0417-4B57-B39A-FD01E80EA236}.Debug|Any CPU.Build.0 = Debug|Any CPU
		{1074C6AC-0417-4B57-B39A-FD01E80EA236}.Release|Any CPU.ActiveCfg = Release|Any CPU
		{1074C6AC-0417-4B57-B39A-FD01E80EA236}.Release|Any CPU.Build.0 = Release|Any CPU
		{651E0030-20C7-432B-AEFE-FAA42CA6C396}.Debug|Any CPU.ActiveCfg = Debug|Any CPU
		{651E0030-20C7-432B-AEFE-FAA42CA6C396}.Debug|Any CPU.Build.0 = Debug|Any CPU
		{651E0030-20C7-432B-AEFE-FAA42CA6C396}.Release|Any CPU.ActiveCfg = Release|Any CPU
		{651E0030-20C7-432B-AEFE-FAA42CA6C396}.Release|Any CPU.Build.0 = Release|Any CPU
	EndGlobalSection
EndGlobal
